
Microsoft Visual Studio Solution File, Format Version 12.00
# Visual Studio Version 16
VisualStudioVersion = 16.0.36107.64
MinimumVisualStudioVersion = 10.0.40219.1
Project("{FAE04EC0-301F-11D3-BF4B-00C04F79EFBC}") = "Connected Mode", "Connected Mode\Connected Mode.csproj", "{640250FF-4889-4091-BC9C-F82475C072A0}"
EndProject
Global
	GlobalSection(SolutionConfigurationPlatforms) = preSolution
		Debug|Any CPU = Debug|Any CPU
		Release|Any CPU = Release|Any CPU
	EndGlobalSection
	GlobalSection(ProjectConfigurationPlatforms) = postSolution
		{640250FF-4889-4091-BC9C-F82475C072A0}.Debug|Any CPU.ActiveCfg = Debug|Any CPU
		{640250FF-4889-4091-BC9C-F82475C072A0}.Debug|Any CPU.Build.0 = Debug|Any CPU
		{640250FF-4889-4091-BC9C-F82475C072A0}.Release|Any CPU.ActiveCfg = Release|Any CPU
		{640250FF-4889-4091-BC9C-F82475C072A0}.Release|Any CPU.Build.0 = Release|Any CPU
	EndGlobalSection
	GlobalSection(SolutionProperties) = preSolution
		HideSolutionNode = FALSE
	EndGlobalSection
	GlobalSection(ExtensibilityGlobals) = postSolution
		SolutionGuid = {F82010FB-8D58-4713-9C6D-B417B61F151B}
	EndGlobalSection
EndGlobal
